
Microsoft Visual Studio Solution File, Format Version 12.00
# Visual Studio Version 17
VisualStudioVersion = 17.10.35013.160
MinimumVisualStudioVersion = 10.0.40219.1
Project("{FAE04EC0-301F-11D3-BF4B-00C04F79EFBC}") = "AvecStyle-Serveur", "AvecStyle-Serveur.csproj", "{ADBD9500-6F72-4C03-BB1E-9754661D8808}"
EndProject
Global
	GlobalSection(SolutionConfigurationPlatforms) = preSolution
		Debug|Any CPU = Debug|Any CPU
		Release|Any CPU = Release|Any CPU
	EndGlobalSection
	GlobalSection(ProjectConfigurationPlatforms) = postSolution
		{ADBD9500-6F72-4C03-BB1E-9754661D8808}.Debug|Any CPU.ActiveCfg = Debug|Any CPU
		{ADBD9500-6F72-4C03-BB1E-9754661D8808}.Debug|Any CPU.Build.0 = Debug|Any CPU
		{ADBD9500-6F72-4C03-BB1E-9754661D8808}.Release|Any CPU.ActiveCfg = Release|Any CPU
		{ADBD9500-6F72-4C03-BB1E-9754661D8808}.Release|Any CPU.Build.0 = Release|Any CPU
	EndGlobalSection
	GlobalSection(SolutionProperties) = preSolution
		HideSolutionNode = FALSE
	EndGlobalSection
	GlobalSection(ExtensibilityGlobals) = postSolution
		SolutionGuid = {427B548D-0DD2-4C9B-AB79-A9D8EC54D812}
	EndGlobalSection
EndGlobal
